
Microsoft Visual Studio Solution File, Format Version 12.00
# Visual Studio 14
VisualStudioVersion = 14.0.25420.1
MinimumVisualStudioVersion = 10.0.40219.1
Project("{FAE04EC0-301F-11D3-BF4B-00C04F79EFBC}") = "DemoWebAPI_1", "DemoWebAPI_1\DemoWebAPI_1.csproj", "{19CAD83A-BB7B-4B9E-BC47-5519A40A4478}"
EndProject
Project("{FAE04EC0-301F-11D3-BF4B-00C04F79EFBC}") = "DemoWebAPI_1.Tests", "DemoWebAPI_1.Tests\DemoWebAPI_1.Tests.csproj", "{B837B1FA-7774-46F5-B71F-0E063A882CAE}"
EndProject
Global
	GlobalSection(SolutionConfigurationPlatforms) = preSolution
		Debug|Any CPU = Debug|Any CPU
		Release|Any CPU = Release|Any CPU
	EndGlobalSection
	GlobalSection(ProjectConfigurationPlatforms) = postSolution
		{19CAD83A-BB7B-4B9E-BC47-5519A40A4478}.Debug|Any CPU.ActiveCfg = Debug|Any CPU
		{19CAD83A-BB7B-4B9E-BC47-5519A40A4478}.Debug|Any CPU.Build.0 = Debug|Any CPU
		{19CAD83A-BB7B-4B9E-BC47-5519A40A4478}.Release|Any CPU.ActiveCfg = Release|Any CPU
		{19CAD83A-BB7B-4B9E-BC47-5519A40A4478}.Release|Any CPU.Build.0 = Release|Any CPU
		{B837B1FA-7774-46F5-B71F-0E063A882CAE}.Debug|Any CPU.ActiveCfg = Debug|Any CPU
		{B837B1FA-7774-46F5-B71F-0E063A882CAE}.Debug|Any CPU.Build.0 = Debug|Any CPU
		{B837B1FA-7774-46F5-B71F-0E063A882CAE}.Release|Any CPU.ActiveCfg = Release|Any CPU
		{B837B1FA-7774-46F5-B71F-0E063A882CAE}.Release|Any CPU.Build.0 = Release|Any CPU
	EndGlobalSection
	GlobalSection(SolutionProperties) = preSolution
		HideSolutionNode = FALSE
	EndGlobalSection
EndGlobal
